
Microsoft Visual Studio Solution File, Format Version 12.00
# Visual Studio Version 16
VisualStudioVersion = 16.0.30204.135
MinimumVisualStudioVersion = 10.0.40219.1
Project("{FAE04EC0-301F-11D3-BF4B-00C04F79EFBC}") = "FileEncrypter", "FileEncrypter\FileEncrypter.csproj", "{18804616-8EB0-4855-9489-BF4151D55889}"
EndProject
Global
	GlobalSection(SolutionConfigurationPlatforms) = preSolution
		Debug|Any CPU = Debug|Any CPU
		Release|Any CPU = Release|Any CPU
	EndGlobalSection
	GlobalSection(ProjectConfigurationPlatforms) = postSolution
		{18804616-8EB0-4855-9489-BF4151D55889}.Debug|Any CPU.ActiveCfg = Debug|Any CPU
		{18804616-8EB0-4855-9489-BF4151D55889}.Debug|Any CPU.Build.0 = Debug|Any CPU
		{18804616-8EB0-4855-9489-BF4151D55889}.Release|Any CPU.ActiveCfg = Release|Any CPU
		{18804616-8EB0-4855-9489-BF4151D55889}.Release|Any CPU.Build.0 = Release|Any CPU
	EndGlobalSection
	GlobalSection(SolutionProperties) = preSolution
		HideSolutionNode = FALSE
	EndGlobalSection
	GlobalSection(ExtensibilityGlobals) = postSolution
		SolutionGuid = {C9F10B88-05B5-47B7-BEE6-DFC0561A9E90}
	EndGlobalSection
EndGlobal
